
Microsoft Visual Studio Solution File, Format Version 12.00
# Visual Studio Version 17
VisualStudioVersion = 17.14.36310.24 d17.14
MinimumVisualStudioVersion = 10.0.40219.1
Project("{FAE04EC0-301F-11D3-BF4B-00C04F79EFBC}") = "Clinica", "Clinica\Clinica.csproj", "{DE876673-A07A-4F30-858D-4732DDDD60DA}"
EndProject
Global
	GlobalSection(SolutionConfigurationPlatforms) = preSolution
		Debug|Any CPU = Debug|Any CPU
		Release|Any CPU = Release|Any CPU
	EndGlobalSection
	GlobalSection(ProjectConfigurationPlatforms) = postSolution
		{DE876673-A07A-4F30-858D-4732DDDD60DA}.Debug|Any CPU.ActiveCfg = Debug|Any CPU
		{DE876673-A07A-4F30-858D-4732DDDD60DA}.Debug|Any CPU.Build.0 = Debug|Any CPU
		{DE876673-A07A-4F30-858D-4732DDDD60DA}.Release|Any CPU.ActiveCfg = Release|Any CPU
		{DE876673-A07A-4F30-858D-4732DDDD60DA}.Release|Any CPU.Build.0 = Release|Any CPU
	EndGlobalSection
	GlobalSection(SolutionProperties) = preSolution
		HideSolutionNode = FALSE
	EndGlobalSection
	GlobalSection(ExtensibilityGlobals) = postSolution
		SolutionGuid = {3583D1C6-A507-438D-920C-FE3EF199311C}
	EndGlobalSection
EndGlobal
